
Microsoft Visual Studio Solution File, Format Version 12.00
# Visual Studio 15
VisualStudioVersion = 15.0.27703.2000
MinimumVisualStudioVersion = 10.0.40219.1
Project("{FAE04EC0-301F-11D3-BF4B-00C04F79EFBC}") = "GeneticAlgorithm", "GeneticAlgorithm\GeneticAlgorithm.csproj", "{AE6E8A0A-6331-4CAC-86E1-B8229C50CF09}"
EndProject
Global
	GlobalSection(SolutionConfigurationPlatforms) = preSolution
		Debug|Any CPU = Debug|Any CPU
		Release|Any CPU = Release|Any CPU
	EndGlobalSection
	GlobalSection(ProjectConfigurationPlatforms) = postSolution
		{AE6E8A0A-6331-4CAC-86E1-B8229C50CF09}.Debug|Any CPU.ActiveCfg = Debug|Any CPU
		{AE6E8A0A-6331-4CAC-86E1-B8229C50CF09}.Debug|Any CPU.Build.0 = Debug|Any CPU
		{AE6E8A0A-6331-4CAC-86E1-B8229C50CF09}.Release|Any CPU.ActiveCfg = Release|Any CPU
		{AE6E8A0A-6331-4CAC-86E1-B8229C50CF09}.Release|Any CPU.Build.0 = Release|Any CPU
	EndGlobalSection
	GlobalSection(SolutionProperties) = preSolution
		HideSolutionNode = FALSE
	EndGlobalSection
	GlobalSection(ExtensibilityGlobals) = postSolution
		SolutionGuid = {DF6BB2DC-2CAB-41C9-9D72-5B8D3E7E489D}
	EndGlobalSection
EndGlobal
